// !$*UTF8*$!
{
	archiveVersion = 1;
	classes = {
	};
	objectVersion = 55;
	objects = {

/* Begin PBXBuildFile section */
		4E11E8222969F9800048DA5D /* LoginViewControllerTests.swift in Sources */ = {isa = PBXBuildFile; fileRef = 4E11E8212969F9800048DA5D /* LoginViewControllerTests.swift */; };
		4E18AFBE299C639C0027AB5A /* CoordinatorProtocolStub.swift in Sources */ = {isa = PBXBuildFile; fileRef = 4E18AFBD299C639C0027AB5A /* CoordinatorProtocolStub.swift */; };
		4E21985A29952EE00027811C /* OrderProductCollectionViewCell.swift in Sources */ = {isa = PBXBuildFile; fileRef = 4E21985929952EE00027811C /* OrderProductCollectionViewCell.swift */; };
		4E2D1E582976257800A5821A /* SceneDelegateTests.swift in Sources */ = {isa = PBXBuildFile; fileRef = 4E2D1E572976257800A5821A /* SceneDelegateTests.swift */; };
		4E2D1E5A2976366400A5821A /* AppDelegateTests.swift in Sources */ = {isa = PBXBuildFile; fileRef = 4E2D1E592976366400A5821A /* AppDelegateTests.swift */; };
		4E37FD9D2968960F00FA6D8D /* AppDelegate.swift in Sources */ = {isa = PBXBuildFile; fileRef = 4E37FD9C2968960F00FA6D8D /* AppDelegate.swift */; };
		4E37FD9F2968960F00FA6D8D /* SceneDelegate.swift in Sources */ = {isa = PBXBuildFile; fileRef = 4E37FD9E2968960F00FA6D8D /* SceneDelegate.swift */; };
		4E37FDA12968960F00FA6D8D /* LoginViewController.swift in Sources */ = {isa = PBXBuildFile; fileRef = 4E37FDA02968960F00FA6D8D /* LoginViewController.swift */; };
		4E37FDA62968961300FA6D8D /* Assets.xcassets in Resources */ = {isa = PBXBuildFile; fileRef = 4E37FDA52968961300FA6D8D /* Assets.xcassets */; };
		4E37FDA92968961300FA6D8D /* LaunchScreen.storyboard in Resources */ = {isa = PBXBuildFile; fileRef = 4E37FDA72968961300FA6D8D /* LaunchScreen.storyboard */; };
		4E37FDD72968A66C00FA6D8D /* LoginView.swift in Sources */ = {isa = PBXBuildFile; fileRef = 4E37FDD62968A66C00FA6D8D /* LoginView.swift */; };
		4E49A65D2996BD33007DB695 /* OrdersProductViewControllerTests.swift in Sources */ = {isa = PBXBuildFile; fileRef = 4E49A65C2996BD33007DB695 /* OrdersProductViewControllerTests.swift */; };
		4E49A65F2996BEC5007DB695 /* OrdersProductViewTests.swift in Sources */ = {isa = PBXBuildFile; fileRef = 4E49A65E2996BEC5007DB695 /* OrdersProductViewTests.swift */; };
		4E49A6612996C021007DB695 /* OrderProductCollectionViewCellTests.swift in Sources */ = {isa = PBXBuildFile; fileRef = 4E49A6602996C021007DB695 /* OrderProductCollectionViewCellTests.swift */; };
		4E49A6642996C614007DB695 /* Coordinator.swift in Sources */ = {isa = PBXBuildFile; fileRef = 4E49A6632996C614007DB695 /* Coordinator.swift */; };
		4E49A6672996C6D9007DB695 /* AppCoordinator.swift in Sources */ = {isa = PBXBuildFile; fileRef = 4E49A6662996C6D9007DB695 /* AppCoordinator.swift */; };
		4E49A66A2996C824007DB695 /* LoginCoordinator.swift in Sources */ = {isa = PBXBuildFile; fileRef = 4E49A6692996C824007DB695 /* LoginCoordinator.swift */; };
		4E49A66E2996CF1E007DB695 /* HomeCoordinator.swift in Sources */ = {isa = PBXBuildFile; fileRef = 4E49A66D2996CF1E007DB695 /* HomeCoordinator.swift */; };
		4E49A6712996D23D007DB695 /* LoginViewDelegate.swift in Sources */ = {isa = PBXBuildFile; fileRef = 4E49A6702996D23D007DB695 /* LoginViewDelegate.swift */; };
		4E646ED329B28C4E00F784FD /* MockLoginViewModel.swift in Sources */ = {isa = PBXBuildFile; fileRef = 4E646ED229B28C4E00F784FD /* MockLoginViewModel.swift */; };
		4E65F25E2978CF7F009AD37B /* HomeViewController.swift in Sources */ = {isa = PBXBuildFile; fileRef = 4E65F25D2978CF7F009AD37B /* HomeViewController.swift */; };
		4E7FE69629B176ED00B12FBD /* LoginViewModelTests.swift in Sources */ = {isa = PBXBuildFile; fileRef = 4E7FE69529B176ED00B12FBD /* LoginViewModelTests.swift */; };
		4E7FE69C29B17DDA00B12FBD /* LoginServiceTests.swift in Sources */ = {isa = PBXBuildFile; fileRef = 4E7FE69B29B17DDA00B12FBD /* LoginServiceTests.swift */; };
		4E84806C29835485007F9B3C /* OrderProductViewController.swift in Sources */ = {isa = PBXBuildFile; fileRef = 4E84806B29835485007F9B3C /* OrderProductViewController.swift */; };
		4E84806E298354B1007F9B3C /* OrderProductView.swift in Sources */ = {isa = PBXBuildFile; fileRef = 4E84806D298354B1007F9B3C /* OrderProductView.swift */; };
		4E86810929AE891C00EB87A1 /* LoginServiceProtocol.swift in Sources */ = {isa = PBXBuildFile; fileRef = 4E86810829AE891C00EB87A1 /* LoginServiceProtocol.swift */; };
		4E86810D29AE8A0A00EB87A1 /* User.swift in Sources */ = {isa = PBXBuildFile; fileRef = 4E86810C29AE8A0A00EB87A1 /* User.swift */; };
		4E86811029AE8AEE00EB87A1 /* LoginService.swift in Sources */ = {isa = PBXBuildFile; fileRef = 4E86810F29AE8AEE00EB87A1 /* LoginService.swift */; };
		4E86811329AE8D2D00EB87A1 /* LoginViewModel.swift in Sources */ = {isa = PBXBuildFile; fileRef = 4E86811229AE8D2D00EB87A1 /* LoginViewModel.swift */; };
		4E86811529AE8D5300EB87A1 /* LoginViewModelProtocol.swift in Sources */ = {isa = PBXBuildFile; fileRef = 4E86811429AE8D5300EB87A1 /* LoginViewModelProtocol.swift */; };
		4E8E118E299C79F800595D2D /* LoginCoordinatorTests.swift in Sources */ = {isa = PBXBuildFile; fileRef = 4E8E118D299C79F800595D2D /* LoginCoordinatorTests.swift */; };
		4E8E1190299C7A8C00595D2D /* HomeCoordinatorTests.swift in Sources */ = {isa = PBXBuildFile; fileRef = 4E8E118F299C7A8C00595D2D /* HomeCoordinatorTests.swift */; };
		4E8E1192299C7BE200595D2D /* OrderPizzaCoordinatorTests.swift in Sources */ = {isa = PBXBuildFile; fileRef = 4E8E1191299C7BE200595D2D /* OrderPizzaCoordinatorTests.swift */; };
		4E9E1EC0299B1CD3007C9704 /* HomeViewDelegate.swift in Sources */ = {isa = PBXBuildFile; fileRef = 4E9E1EBF299B1CD3007C9704 /* HomeViewDelegate.swift */; };
		4E9E1EC3299B2119007C9704 /* OrderPizzaCoordinator.swift in Sources */ = {isa = PBXBuildFile; fileRef = 4E9E1EC2299B2119007C9704 /* OrderPizzaCoordinator.swift */; };
		4EB4D07B298B022B00799CC7 /* OrderProductViewControllerTests.swift in Sources */ = {isa = PBXBuildFile; fileRef = 4EB4D07A298B022B00799CC7 /* OrderProductViewControllerTests.swift */; };
		4EB4D07D298B034600799CC7 /* OrderProducViewTests.swift in Sources */ = {isa = PBXBuildFile; fileRef = 4EB4D07C298B034600799CC7 /* OrderProducViewTests.swift */; };
		4EC447262994357A00A1669A /* OrdersProductViewController.swift in Sources */ = {isa = PBXBuildFile; fileRef = 4EC447252994357A00A1669A /* OrdersProductViewController.swift */; };
		4EC44728299435CF00A1669A /* OrdersPizzaView.swift in Sources */ = {isa = PBXBuildFile; fileRef = 4EC44727299435CF00A1669A /* OrdersPizzaView.swift */; };
		4ECA9969296CF1950071DA15 /* ViewMakers+Extensions.swift in Sources */ = {isa = PBXBuildFile; fileRef = 4ECA9968296CF1950071DA15 /* ViewMakers+Extensions.swift */; };
		4ED9C1A6297F5ECC00E4FCC4 /* HomeView.swift in Sources */ = {isa = PBXBuildFile; fileRef = 4ED9C1A5297F5ECC00E4FCC4 /* HomeView.swift */; };
		4ED9C1A9297F609700E4FCC4 /* ProducTableViewCell.swift in Sources */ = {isa = PBXBuildFile; fileRef = 4ED9C1A8297F609700E4FCC4 /* ProducTableViewCell.swift */; };
		4EE46011298202A000A4D94E /* HomeViewControllerTests.swift in Sources */ = {isa = PBXBuildFile; fileRef = 4EE46010298202A000A4D94E /* HomeViewControllerTests.swift */; };
		4EE460132982034F00A4D94E /* HomeViewTests.swift in Sources */ = {isa = PBXBuildFile; fileRef = 4EE460122982034F00A4D94E /* HomeViewTests.swift */; };
		4EE460152982044F00A4D94E /* ProductTableViewCellTests.swift in Sources */ = {isa = PBXBuildFile; fileRef = 4EE460142982044F00A4D94E /* ProductTableViewCellTests.swift */; };
		4EE4601A2982053700A4D94E /* HomeViewUITests.swift in Sources */ = {isa = PBXBuildFile; fileRef = 4EE460192982053700A4D94E /* HomeViewUITests.swift */; };
		4EF61B3C29777472001CB20A /* LoginViewTests.swift in Sources */ = {isa = PBXBuildFile; fileRef = 4EF61B3B29777472001CB20A /* LoginViewTests.swift */; };
		4EF61B3F29777789001CB20A /* LoginViewUITests.swift in Sources */ = {isa = PBXBuildFile; fileRef = 4EF61B3E29777789001CB20A /* LoginViewUITests.swift */; };
		852BCA322A101E8E0011EF86 /* Kingfisher in Frameworks */ = {isa = PBXBuildFile; productRef = 852BCA312A101E8E0011EF86 /* Kingfisher */; };
		8537351129EE1D5D009CA8A1 /* Product.swift in Sources */ = {isa = PBXBuildFile; fileRef = 8537351029EE1D5D009CA8A1 /* Product.swift */; };
		8537351429EE1ED9009CA8A1 /* HomeViewModelProtocol.swift in Sources */ = {isa = PBXBuildFile; fileRef = 8537351329EE1ED9009CA8A1 /* HomeViewModelProtocol.swift */; };
		8537351729EE1F72009CA8A1 /* HomeViewModel.swift in Sources */ = {isa = PBXBuildFile; fileRef = 8537351629EE1F72009CA8A1 /* HomeViewModel.swift */; };
		8537351A29EE208D009CA8A1 /* ProductServiceProtocol.swift in Sources */ = {isa = PBXBuildFile; fileRef = 8537351929EE208D009CA8A1 /* ProductServiceProtocol.swift */; };
		8537351C29EE20F4009CA8A1 /* ProductService.swift in Sources */ = {isa = PBXBuildFile; fileRef = 8537351B29EE20F4009CA8A1 /* ProductService.swift */; };
		8576047F2A00906100595149 /* HomeViewModelTests.swift in Sources */ = {isa = PBXBuildFile; fileRef = 8576047E2A00906100595149 /* HomeViewModelTests.swift */; };
		857604822A00937F00595149 /* ProductServiceMock.swift in Sources */ = {isa = PBXBuildFile; fileRef = 857604812A00937F00595149 /* ProductServiceMock.swift */; };
		857604852A00977200595149 /* ProductServiceTests.swift in Sources */ = {isa = PBXBuildFile; fileRef = 857604842A00977200595149 /* ProductServiceTests.swift */; };
		857DD6CF2A1191FF001FB8AA /* OrderProductViewModel.swift in Sources */ = {isa = PBXBuildFile; fileRef = 857DD6CE2A1191FF001FB8AA /* OrderProductViewModel.swift */; };
		857DD6D12A119221001FB8AA /* OrderProductViewModelProtocol.swift in Sources */ = {isa = PBXBuildFile; fileRef = 857DD6D02A119221001FB8AA /* OrderProductViewModelProtocol.swift */; };
		857DD6D42A11AB73001FB8AA /* ProductRepository.swift in Sources */ = {isa = PBXBuildFile; fileRef = 857DD6D32A11AB73001FB8AA /* ProductRepository.swift */; };
		85EB46EC29F0BB430021C861 /* ResponseError.swift in Sources */ = {isa = PBXBuildFile; fileRef = 85EB46EB29F0BB430021C861 /* ResponseError.swift */; };
		853288B529D6603500E744AF /* String+extensions.swift in Sources */ = {isa = PBXBuildFile; fileRef = 853288B429D6603500E744AF /* String+extensions.swift */; };
/* End PBXBuildFile section */

/* Begin PBXContainerItemProxy section */
		4E37FDB02968961300FA6D8D /* PBXContainerItemProxy */ = {
			isa = PBXContainerItemProxy;
			containerPortal = 4E37FD912968960F00FA6D8D /* Project object */;
			proxyType = 1;
			remoteGlobalIDString = 4E37FD982968960F00FA6D8D;
			remoteInfo = GoPizza;
		};
		4E37FDBA2968961300FA6D8D /* PBXContainerItemProxy */ = {
			isa = PBXContainerItemProxy;
			containerPortal = 4E37FD912968960F00FA6D8D /* Project object */;
			proxyType = 1;
			remoteGlobalIDString = 4E37FD982968960F00FA6D8D;
			remoteInfo = GoPizza;
		};
/* End PBXContainerItemProxy section */

/* Begin PBXFileReference section */
		4E11E8212969F9800048DA5D /* LoginViewControllerTests.swift */ = {isa = PBXFileReference; lastKnownFileType = sourcecode.swift; path = LoginViewControllerTests.swift; sourceTree = "<group>"; };
		4E18AFBD299C639C0027AB5A /* CoordinatorProtocolStub.swift */ = {isa = PBXFileReference; lastKnownFileType = sourcecode.swift; path = CoordinatorProtocolStub.swift; sourceTree = "<group>"; };
		4E21985929952EE00027811C /* OrderProductCollectionViewCell.swift */ = {isa = PBXFileReference; lastKnownFileType = sourcecode.swift; path = OrderProductCollectionViewCell.swift; sourceTree = "<group>"; };
		4E2D1E572976257800A5821A /* SceneDelegateTests.swift */ = {isa = PBXFileReference; lastKnownFileType = sourcecode.swift; path = SceneDelegateTests.swift; sourceTree = "<group>"; };
		4E2D1E592976366400A5821A /* AppDelegateTests.swift */ = {isa = PBXFileReference; lastKnownFileType = sourcecode.swift; path = AppDelegateTests.swift; sourceTree = "<group>"; };
		4E37FD992968960F00FA6D8D /* GoPizza.app */ = {isa = PBXFileReference; explicitFileType = wrapper.application; includeInIndex = 0; path = GoPizza.app; sourceTree = BUILT_PRODUCTS_DIR; };
		4E37FD9C2968960F00FA6D8D /* AppDelegate.swift */ = {isa = PBXFileReference; lastKnownFileType = sourcecode.swift; path = AppDelegate.swift; sourceTree = "<group>"; };
		4E37FD9E2968960F00FA6D8D /* SceneDelegate.swift */ = {isa = PBXFileReference; lastKnownFileType = sourcecode.swift; path = SceneDelegate.swift; sourceTree = "<group>"; };
		4E37FDA02968960F00FA6D8D /* LoginViewController.swift */ = {isa = PBXFileReference; lastKnownFileType = sourcecode.swift; path = LoginViewController.swift; sourceTree = "<group>"; };
		4E37FDA52968961300FA6D8D /* Assets.xcassets */ = {isa = PBXFileReference; lastKnownFileType = folder.assetcatalog; path = Assets.xcassets; sourceTree = "<group>"; };
		4E37FDA82968961300FA6D8D /* Base */ = {isa = PBXFileReference; lastKnownFileType = file.storyboard; name = Base; path = Base.lproj/LaunchScreen.storyboard; sourceTree = "<group>"; };
		4E37FDAA2968961300FA6D8D /* Info.plist */ = {isa = PBXFileReference; lastKnownFileType = text.plist.xml; path = Info.plist; sourceTree = "<group>"; };
		4E37FDAF2968961300FA6D8D /* GoPizzaTests.xctest */ = {isa = PBXFileReference; explicitFileType = wrapper.cfbundle; includeInIndex = 0; path = GoPizzaTests.xctest; sourceTree = BUILT_PRODUCTS_DIR; };
		4E37FDB92968961300FA6D8D /* GoPizzaUITests.xctest */ = {isa = PBXFileReference; explicitFileType = wrapper.cfbundle; includeInIndex = 0; path = GoPizzaUITests.xctest; sourceTree = BUILT_PRODUCTS_DIR; };
		4E37FDD62968A66C00FA6D8D /* LoginView.swift */ = {isa = PBXFileReference; lastKnownFileType = sourcecode.swift; path = LoginView.swift; sourceTree = "<group>"; };
		4E49A65C2996BD33007DB695 /* OrdersProductViewControllerTests.swift */ = {isa = PBXFileReference; lastKnownFileType = sourcecode.swift; path = OrdersProductViewControllerTests.swift; sourceTree = "<group>"; };
		4E49A65E2996BEC5007DB695 /* OrdersProductViewTests.swift */ = {isa = PBXFileReference; lastKnownFileType = sourcecode.swift; path = OrdersProductViewTests.swift; sourceTree = "<group>"; };
		4E49A6602996C021007DB695 /* OrderProductCollectionViewCellTests.swift */ = {isa = PBXFileReference; lastKnownFileType = sourcecode.swift; path = OrderProductCollectionViewCellTests.swift; sourceTree = "<group>"; };
		4E49A6632996C614007DB695 /* Coordinator.swift */ = {isa = PBXFileReference; lastKnownFileType = sourcecode.swift; path = Coordinator.swift; sourceTree = "<group>"; };
		4E49A6662996C6D9007DB695 /* AppCoordinator.swift */ = {isa = PBXFileReference; lastKnownFileType = sourcecode.swift; path = AppCoordinator.swift; sourceTree = "<group>"; };
		4E49A6692996C824007DB695 /* LoginCoordinator.swift */ = {isa = PBXFileReference; lastKnownFileType = sourcecode.swift; path = LoginCoordinator.swift; sourceTree = "<group>"; };
		4E49A66D2996CF1E007DB695 /* HomeCoordinator.swift */ = {isa = PBXFileReference; lastKnownFileType = sourcecode.swift; path = HomeCoordinator.swift; sourceTree = "<group>"; };
		4E49A6702996D23D007DB695 /* LoginViewDelegate.swift */ = {isa = PBXFileReference; lastKnownFileType = sourcecode.swift; path = LoginViewDelegate.swift; sourceTree = "<group>"; };
		4E646ED229B28C4E00F784FD /* MockLoginViewModel.swift */ = {isa = PBXFileReference; lastKnownFileType = sourcecode.swift; path = MockLoginViewModel.swift; sourceTree = "<group>"; };
		4E65F25D2978CF7F009AD37B /* HomeViewController.swift */ = {isa = PBXFileReference; lastKnownFileType = sourcecode.swift; path = HomeViewController.swift; sourceTree = "<group>"; };
		4E7FE69529B176ED00B12FBD /* LoginViewModelTests.swift */ = {isa = PBXFileReference; lastKnownFileType = sourcecode.swift; path = LoginViewModelTests.swift; sourceTree = "<group>"; };
		4E7FE69B29B17DDA00B12FBD /* LoginServiceTests.swift */ = {isa = PBXFileReference; lastKnownFileType = sourcecode.swift; path = LoginServiceTests.swift; sourceTree = "<group>"; };
		4E84806B29835485007F9B3C /* OrderProductViewController.swift */ = {isa = PBXFileReference; lastKnownFileType = sourcecode.swift; path = OrderProductViewController.swift; sourceTree = "<group>"; };
		4E84806D298354B1007F9B3C /* OrderProductView.swift */ = {isa = PBXFileReference; lastKnownFileType = sourcecode.swift; path = OrderProductView.swift; sourceTree = "<group>"; };
		4E86810829AE891C00EB87A1 /* LoginServiceProtocol.swift */ = {isa = PBXFileReference; lastKnownFileType = sourcecode.swift; path = LoginServiceProtocol.swift; sourceTree = "<group>"; };
		4E86810C29AE8A0A00EB87A1 /* User.swift */ = {isa = PBXFileReference; lastKnownFileType = sourcecode.swift; path = User.swift; sourceTree = "<group>"; };
		4E86810F29AE8AEE00EB87A1 /* LoginService.swift */ = {isa = PBXFileReference; lastKnownFileType = sourcecode.swift; path = LoginService.swift; sourceTree = "<group>"; };
		4E86811229AE8D2D00EB87A1 /* LoginViewModel.swift */ = {isa = PBXFileReference; lastKnownFileType = sourcecode.swift; path = LoginViewModel.swift; sourceTree = "<group>"; };
		4E86811429AE8D5300EB87A1 /* LoginViewModelProtocol.swift */ = {isa = PBXFileReference; lastKnownFileType = sourcecode.swift; path = LoginViewModelProtocol.swift; sourceTree = "<group>"; };
		4E8E118D299C79F800595D2D /* LoginCoordinatorTests.swift */ = {isa = PBXFileReference; lastKnownFileType = sourcecode.swift; path = LoginCoordinatorTests.swift; sourceTree = "<group>"; };
		4E8E118F299C7A8C00595D2D /* HomeCoordinatorTests.swift */ = {isa = PBXFileReference; lastKnownFileType = sourcecode.swift; path = HomeCoordinatorTests.swift; sourceTree = "<group>"; };
		4E8E1191299C7BE200595D2D /* OrderPizzaCoordinatorTests.swift */ = {isa = PBXFileReference; lastKnownFileType = sourcecode.swift; path = OrderPizzaCoordinatorTests.swift; sourceTree = "<group>"; };
		4E9E1EBF299B1CD3007C9704 /* HomeViewDelegate.swift */ = {isa = PBXFileReference; lastKnownFileType = sourcecode.swift; path = HomeViewDelegate.swift; sourceTree = "<group>"; };
		4E9E1EC2299B2119007C9704 /* OrderPizzaCoordinator.swift */ = {isa = PBXFileReference; lastKnownFileType = sourcecode.swift; path = OrderPizzaCoordinator.swift; sourceTree = "<group>"; };
		4EB4D07A298B022B00799CC7 /* OrderProductViewControllerTests.swift */ = {isa = PBXFileReference; lastKnownFileType = sourcecode.swift; path = OrderProductViewControllerTests.swift; sourceTree = "<group>"; };
		4EB4D07C298B034600799CC7 /* OrderProducViewTests.swift */ = {isa = PBXFileReference; lastKnownFileType = sourcecode.swift; path = OrderProducViewTests.swift; sourceTree = "<group>"; };
		4EC447252994357A00A1669A /* OrdersProductViewController.swift */ = {isa = PBXFileReference; lastKnownFileType = sourcecode.swift; path = OrdersProductViewController.swift; sourceTree = "<group>"; };
		4EC44727299435CF00A1669A /* OrdersPizzaView.swift */ = {isa = PBXFileReference; lastKnownFileType = sourcecode.swift; path = OrdersPizzaView.swift; sourceTree = "<group>"; };
		4ECA9968296CF1950071DA15 /* ViewMakers+Extensions.swift */ = {isa = PBXFileReference; lastKnownFileType = sourcecode.swift; path = "ViewMakers+Extensions.swift"; sourceTree = "<group>"; };
		4ED9C1A5297F5ECC00E4FCC4 /* HomeView.swift */ = {isa = PBXFileReference; lastKnownFileType = sourcecode.swift; path = HomeView.swift; sourceTree = "<group>"; };
		4ED9C1A8297F609700E4FCC4 /* ProducTableViewCell.swift */ = {isa = PBXFileReference; lastKnownFileType = sourcecode.swift; path = ProducTableViewCell.swift; sourceTree = "<group>"; };
		4EE46010298202A000A4D94E /* HomeViewControllerTests.swift */ = {isa = PBXFileReference; lastKnownFileType = sourcecode.swift; path = HomeViewControllerTests.swift; sourceTree = "<group>"; };
		4EE460122982034F00A4D94E /* HomeViewTests.swift */ = {isa = PBXFileReference; lastKnownFileType = sourcecode.swift; path = HomeViewTests.swift; sourceTree = "<group>"; };
		4EE460142982044F00A4D94E /* ProductTableViewCellTests.swift */ = {isa = PBXFileReference; lastKnownFileType = sourcecode.swift; path = ProductTableViewCellTests.swift; sourceTree = "<group>"; };
		4EE460192982053700A4D94E /* HomeViewUITests.swift */ = {isa = PBXFileReference; lastKnownFileType = sourcecode.swift; path = HomeViewUITests.swift; sourceTree = "<group>"; };
		4EF61B3B29777472001CB20A /* LoginViewTests.swift */ = {isa = PBXFileReference; lastKnownFileType = sourcecode.swift; path = LoginViewTests.swift; sourceTree = "<group>"; };
		4EF61B3E29777789001CB20A /* LoginViewUITests.swift */ = {isa = PBXFileReference; lastKnownFileType = sourcecode.swift; path = LoginViewUITests.swift; sourceTree = "<group>"; };
		8537351029EE1D5D009CA8A1 /* Product.swift */ = {isa = PBXFileReference; lastKnownFileType = sourcecode.swift; path = Product.swift; sourceTree = "<group>"; };
		8537351329EE1ED9009CA8A1 /* HomeViewModelProtocol.swift */ = {isa = PBXFileReference; lastKnownFileType = sourcecode.swift; path = HomeViewModelProtocol.swift; sourceTree = "<group>"; };
		8537351629EE1F72009CA8A1 /* HomeViewModel.swift */ = {isa = PBXFileReference; lastKnownFileType = sourcecode.swift; path = HomeViewModel.swift; sourceTree = "<group>"; };
		8537351929EE208D009CA8A1 /* ProductServiceProtocol.swift */ = {isa = PBXFileReference; lastKnownFileType = sourcecode.swift; path = ProductServiceProtocol.swift; sourceTree = "<group>"; };
		8537351B29EE20F4009CA8A1 /* ProductService.swift */ = {isa = PBXFileReference; lastKnownFileType = sourcecode.swift; path = ProductService.swift; sourceTree = "<group>"; };
		8576047E2A00906100595149 /* HomeViewModelTests.swift */ = {isa = PBXFileReference; lastKnownFileType = sourcecode.swift; path = HomeViewModelTests.swift; sourceTree = "<group>"; };
		857604812A00937F00595149 /* ProductServiceMock.swift */ = {isa = PBXFileReference; lastKnownFileType = sourcecode.swift; path = ProductServiceMock.swift; sourceTree = "<group>"; };
		857604842A00977200595149 /* ProductServiceTests.swift */ = {isa = PBXFileReference; lastKnownFileType = sourcecode.swift; path = ProductServiceTests.swift; sourceTree = "<group>"; };
		857DD6CE2A1191FF001FB8AA /* OrderProductViewModel.swift */ = {isa = PBXFileReference; lastKnownFileType = sourcecode.swift; path = OrderProductViewModel.swift; sourceTree = "<group>"; };
		857DD6D02A119221001FB8AA /* OrderProductViewModelProtocol.swift */ = {isa = PBXFileReference; lastKnownFileType = sourcecode.swift; path = OrderProductViewModelProtocol.swift; sourceTree = "<group>"; };
		857DD6D32A11AB73001FB8AA /* ProductRepository.swift */ = {isa = PBXFileReference; lastKnownFileType = sourcecode.swift; path = ProductRepository.swift; sourceTree = "<group>"; };
		85EB46EB29F0BB430021C861 /* ResponseError.swift */ = {isa = PBXFileReference; lastKnownFileType = sourcecode.swift; path = ResponseError.swift; sourceTree = "<group>"; };
		853288B429D6603500E744AF /* String+extensions.swift */ = {isa = PBXFileReference; lastKnownFileType = sourcecode.swift; path = "String+extensions.swift"; sourceTree = "<group>"; };
/* End PBXFileReference section */

/* Begin PBXFrameworksBuildPhase section */
		4E37FD962968960F00FA6D8D /* Frameworks */ = {
			isa = PBXFrameworksBuildPhase;
			buildActionMask = 2147483647;
			files = (
				852BCA322A101E8E0011EF86 /* Kingfisher in Frameworks */,
			);
			runOnlyForDeploymentPostprocessing = 0;
		};
		4E37FDAC2968961300FA6D8D /* Frameworks */ = {
			isa = PBXFrameworksBuildPhase;
			buildActionMask = 2147483647;
			files = (
			);
			runOnlyForDeploymentPostprocessing = 0;
		};
		4E37FDB62968961300FA6D8D /* Frameworks */ = {
			isa = PBXFrameworksBuildPhase;
			buildActionMask = 2147483647;
			files = (
			);
			runOnlyForDeploymentPostprocessing = 0;
		};
/* End PBXFrameworksBuildPhase section */

/* Begin PBXGroup section */
		4E11E8202969F9600048DA5D /* Login */ = {
			isa = PBXGroup;
			children = (
				4E11E8212969F9800048DA5D /* LoginViewControllerTests.swift */,
				4EF61B3B29777472001CB20A /* LoginViewTests.swift */,
				4E7FE69529B176ED00B12FBD /* LoginViewModelTests.swift */,
			);
			path = Login;
			sourceTree = "<group>";
		};
		4E18AFBC299C637F0027AB5A /* Mocks */ = {
			isa = PBXGroup;
			children = (
				857604802A00936900595149 /* Services */,
				4E646ED129B28C3400F784FD /* Login */,
				4E18AFBD299C639C0027AB5A /* CoordinatorProtocolStub.swift */,
			);
			path = Mocks;
			sourceTree = "<group>";
		};
		4E2D1E562976255500A5821A /* Commons */ = {
			isa = PBXGroup;
			children = (
				4E2D1E572976257800A5821A /* SceneDelegateTests.swift */,
				4E2D1E592976366400A5821A /* AppDelegateTests.swift */,
			);
			path = Commons;
			sourceTree = "<group>";
		};
		4E37FD902968960F00FA6D8D = {
			isa = PBXGroup;
			children = (
				4E37FD9B2968960F00FA6D8D /* GoPizza */,
				4E37FDB22968961300FA6D8D /* GoPizzaTests */,
				4E37FDBC2968961300FA6D8D /* GoPizzaUITests */,
				4E37FD9A2968960F00FA6D8D /* Products */,
			);
			sourceTree = "<group>";
		};
		4E37FD9A2968960F00FA6D8D /* Products */ = {
			isa = PBXGroup;
			children = (
				4E37FD992968960F00FA6D8D /* GoPizza.app */,
				4E37FDAF2968961300FA6D8D /* GoPizzaTests.xctest */,
				4E37FDB92968961300FA6D8D /* GoPizzaUITests.xctest */,
			);
			name = Products;
			sourceTree = "<group>";
		};
		4E37FD9B2968960F00FA6D8D /* GoPizza */ = {
			isa = PBXGroup;
			children = (
				4E86810529AE88E600EB87A1 /* Data */,
				4E49A6622996C5FD007DB695 /* Coordinator */,
				4E37FDD52968A62300FA6D8D /* ViewModels */,
				4E37FDD32968A61100FA6D8D /* Controllers */,
				4E37FDCE296898C700FA6D8D /* Extensions */,
				4E37FDCC296896AC00FA6D8D /* Commons */,
				4E37FDA52968961300FA6D8D /* Assets.xcassets */,
				4E37FDA72968961300FA6D8D /* LaunchScreen.storyboard */,
				4E37FDAA2968961300FA6D8D /* Info.plist */,
			);
			path = GoPizza;
			sourceTree = "<group>";
		};
		4E37FDB22968961300FA6D8D /* GoPizzaTests */ = {
			isa = PBXGroup;
			children = (
				4E7FE69729B17D8A00B12FBD /* Data */,
				4E8E118C299C79E400595D2D /* Coordinators */,
				4E18AFBC299C637F0027AB5A /* Mocks */,
				4E49A65B2996BD06007DB695 /* OrdersProduct */,
				4EB4D079298B01FE00799CC7 /* OrderProduct */,
				4EE4600F2982027800A4D94E /* Home */,
				4E2D1E562976255500A5821A /* Commons */,
				4E11E8202969F9600048DA5D /* Login */,
			);
			path = GoPizzaTests;
			sourceTree = "<group>";
		};
		4E37FDBC2968961300FA6D8D /* GoPizzaUITests */ = {
			isa = PBXGroup;
			children = (
				4EE460162982050800A4D94E /* Home */,
				4EF61B3D29777773001CB20A /* Login */,
			);
			path = GoPizzaUITests;
			sourceTree = "<group>";
		};
		4E37FDCC296896AC00FA6D8D /* Commons */ = {
			isa = PBXGroup;
			children = (
				4E37FD9C2968960F00FA6D8D /* AppDelegate.swift */,
				4E37FD9E2968960F00FA6D8D /* SceneDelegate.swift */,
			);
			path = Commons;
			sourceTree = "<group>";
		};
		4E37FDCE296898C700FA6D8D /* Extensions */ = {
			isa = PBXGroup;
			children = (
				4ECA9968296CF1950071DA15 /* ViewMakers+Extensions.swift */,
				853288B429D6603500E744AF /* String+extensions.swift */,
			);
			path = Extensions;
			sourceTree = "<group>";
		};
		4E37FDD32968A61100FA6D8D /* Controllers */ = {
			isa = PBXGroup;
			children = (
				4EC447242994353F00A1669A /* OrdersProduct */,
				4E84806A29835463007F9B3C /* OrderPizza */,
				4E65F25C2978CF6A009AD37B /* Home */,
				4E557E7B296E403900496CA0 /* Login */,
			);
			path = Controllers;
			sourceTree = "<group>";
		};
		4E37FDD52968A62300FA6D8D /* ViewModels */ = {
			isa = PBXGroup;
			children = (
				857DD6CD2A1191E5001FB8AA /* OrderProduct */,
				8537351229EE1EC2009CA8A1 /* Home */,
				4E86811129AE8D1C00EB87A1 /* Login */,
			);
			path = ViewModels;
			sourceTree = "<group>";
		};
		4E49A65B2996BD06007DB695 /* OrdersProduct */ = {
			isa = PBXGroup;
			children = (
				4E49A65C2996BD33007DB695 /* OrdersProductViewControllerTests.swift */,
				4E49A65E2996BEC5007DB695 /* OrdersProductViewTests.swift */,
				4E49A6602996C021007DB695 /* OrderProductCollectionViewCellTests.swift */,
			);
			path = OrdersProduct;
			sourceTree = "<group>";
		};
		4E49A6622996C5FD007DB695 /* Coordinator */ = {
			isa = PBXGroup;
			children = (
				4E9E1EC1299B2100007C9704 /* OrderPizza */,
				4E49A66C2996CF0F007DB695 /* Home */,
				4E49A6682996C813007DB695 /* Login */,
				4E49A6632996C614007DB695 /* Coordinator.swift */,
				4E49A6662996C6D9007DB695 /* AppCoordinator.swift */,
			);
			path = Coordinator;
			sourceTree = "<group>";
		};
		4E49A6682996C813007DB695 /* Login */ = {
			isa = PBXGroup;
			children = (
				4E49A6692996C824007DB695 /* LoginCoordinator.swift */,
			);
			path = Login;
			sourceTree = "<group>";
		};
		4E49A66C2996CF0F007DB695 /* Home */ = {
			isa = PBXGroup;
			children = (
				4E49A66D2996CF1E007DB695 /* HomeCoordinator.swift */,
			);
			path = Home;
			sourceTree = "<group>";
		};
		4E49A66F2996D223007DB695 /* Protocols */ = {
			isa = PBXGroup;
			children = (
				4E49A6702996D23D007DB695 /* LoginViewDelegate.swift */,
			);
			path = Protocols;
			sourceTree = "<group>";
		};
		4E557E7B296E403900496CA0 /* Login */ = {
			isa = PBXGroup;
			children = (
				4E49A66F2996D223007DB695 /* Protocols */,
				4E37FDD62968A66C00FA6D8D /* LoginView.swift */,
				4E37FDA02968960F00FA6D8D /* LoginViewController.swift */,
			);
			path = Login;
			sourceTree = "<group>";
		};
		4E646ED129B28C3400F784FD /* Login */ = {
			isa = PBXGroup;
			children = (
				4E646ED229B28C4E00F784FD /* MockLoginViewModel.swift */,
			);
			path = Login;
			sourceTree = "<group>";
		};
		4E65F25C2978CF6A009AD37B /* Home */ = {
			isa = PBXGroup;
			children = (
				4E9E1EBE299B1CC0007C9704 /* Protocols */,
				4E65F25D2978CF7F009AD37B /* HomeViewController.swift */,
				4ED9C1A5297F5ECC00E4FCC4 /* HomeView.swift */,
				4ED9C1A8297F609700E4FCC4 /* ProducTableViewCell.swift */,
			);
			path = Home;
			sourceTree = "<group>";
		};
		4E7FE69729B17D8A00B12FBD /* Data */ = {
			isa = PBXGroup;
			children = (
				4E7FE69829B17DB600B12FBD /* Services */,
			);
			path = Data;
			sourceTree = "<group>";
		};
		4E7FE69829B17DB600B12FBD /* Services */ = {
			isa = PBXGroup;
			children = (
				857604832A00975800595149 /* ProductService */,
				4E7FE69929B17DC000B12FBD /* LoginService */,
			);
			path = Services;
			sourceTree = "<group>";
		};
		4E7FE69929B17DC000B12FBD /* LoginService */ = {
			isa = PBXGroup;
			children = (
				4E7FE69B29B17DDA00B12FBD /* LoginServiceTests.swift */,
			);
			path = LoginService;
			sourceTree = "<group>";
		};
		4E84806A29835463007F9B3C /* OrderPizza */ = {
			isa = PBXGroup;
			children = (
				4E84806B29835485007F9B3C /* OrderProductViewController.swift */,
				4E84806D298354B1007F9B3C /* OrderProductView.swift */,
			);
			path = OrderPizza;
			sourceTree = "<group>";
		};
		4E86810529AE88E600EB87A1 /* Data */ = {
			isa = PBXGroup;
			children = (
				857DD6D22A11AB5A001FB8AA /* Repositories */,
				4E86810B29AE89F800EB87A1 /* Models */,
				4E86810629AE88F000EB87A1 /* Services */,
			);
			path = Data;
			sourceTree = "<group>";
		};
		4E86810629AE88F000EB87A1 /* Services */ = {
			isa = PBXGroup;
			children = (
				8537351829EE2066009CA8A1 /* ProductService */,
				4E86810729AE88FA00EB87A1 /* LoginService */,
				85EB46EB29F0BB430021C861 /* ResponseError.swift */,
			);
			path = Services;
			sourceTree = "<group>";
		};
		4E86810729AE88FA00EB87A1 /* LoginService */ = {
			isa = PBXGroup;
			children = (
				4E86810829AE891C00EB87A1 /* LoginServiceProtocol.swift */,
				4E86810F29AE8AEE00EB87A1 /* LoginService.swift */,
			);
			path = LoginService;
			sourceTree = "<group>";
		};
		4E86810B29AE89F800EB87A1 /* Models */ = {
			isa = PBXGroup;
			children = (
				4E86810C29AE8A0A00EB87A1 /* User.swift */,
				8537351029EE1D5D009CA8A1 /* Product.swift */,
			);
			path = Models;
			sourceTree = "<group>";
		};
		4E86811129AE8D1C00EB87A1 /* Login */ = {
			isa = PBXGroup;
			children = (
				4E86811229AE8D2D00EB87A1 /* LoginViewModel.swift */,
				4E86811429AE8D5300EB87A1 /* LoginViewModelProtocol.swift */,
			);
			path = Login;
			sourceTree = "<group>";
		};
		4E8E118C299C79E400595D2D /* Coordinators */ = {
			isa = PBXGroup;
			children = (
				4E8E118D299C79F800595D2D /* LoginCoordinatorTests.swift */,
				4E8E118F299C7A8C00595D2D /* HomeCoordinatorTests.swift */,
				4E8E1191299C7BE200595D2D /* OrderPizzaCoordinatorTests.swift */,
			);
			path = Coordinators;
			sourceTree = "<group>";
		};
		4E9E1EBE299B1CC0007C9704 /* Protocols */ = {
			isa = PBXGroup;
			children = (
				4E9E1EBF299B1CD3007C9704 /* HomeViewDelegate.swift */,
			);
			path = Protocols;
			sourceTree = "<group>";
		};
		4E9E1EC1299B2100007C9704 /* OrderPizza */ = {
			isa = PBXGroup;
			children = (
				4E9E1EC2299B2119007C9704 /* OrderPizzaCoordinator.swift */,
			);
			path = OrderPizza;
			sourceTree = "<group>";
		};
		4EB4D079298B01FE00799CC7 /* OrderProduct */ = {
			isa = PBXGroup;
			children = (
				4EB4D07A298B022B00799CC7 /* OrderProductViewControllerTests.swift */,
				4EB4D07C298B034600799CC7 /* OrderProducViewTests.swift */,
			);
			path = OrderProduct;
			sourceTree = "<group>";
		};
		4EC447242994353F00A1669A /* OrdersProduct */ = {
			isa = PBXGroup;
			children = (
				4EC447252994357A00A1669A /* OrdersProductViewController.swift */,
				4EC44727299435CF00A1669A /* OrdersPizzaView.swift */,
				4E21985929952EE00027811C /* OrderProductCollectionViewCell.swift */,
			);
			path = OrdersProduct;
			sourceTree = "<group>";
		};
		4EE4600F2982027800A4D94E /* Home */ = {
			isa = PBXGroup;
			children = (
				4EE46010298202A000A4D94E /* HomeViewControllerTests.swift */,
				4EE460122982034F00A4D94E /* HomeViewTests.swift */,
				4EE460142982044F00A4D94E /* ProductTableViewCellTests.swift */,
				8576047E2A00906100595149 /* HomeViewModelTests.swift */,
			);
			path = Home;
			sourceTree = "<group>";
		};
		4EE460162982050800A4D94E /* Home */ = {
			isa = PBXGroup;
			children = (
				4EE460192982053700A4D94E /* HomeViewUITests.swift */,
			);
			path = Home;
			sourceTree = "<group>";
		};
		4EF61B3D29777773001CB20A /* Login */ = {
			isa = PBXGroup;
			children = (
				4EF61B3E29777789001CB20A /* LoginViewUITests.swift */,
			);
			path = Login;
			sourceTree = "<group>";
		};
		8537351229EE1EC2009CA8A1 /* Home */ = {
			isa = PBXGroup;
			children = (
				8537351329EE1ED9009CA8A1 /* HomeViewModelProtocol.swift */,
				8537351629EE1F72009CA8A1 /* HomeViewModel.swift */,
			);
			path = Home;
			sourceTree = "<group>";
		};
		8537351829EE2066009CA8A1 /* ProductService */ = {
			isa = PBXGroup;
			children = (
				8537351929EE208D009CA8A1 /* ProductServiceProtocol.swift */,
				8537351B29EE20F4009CA8A1 /* ProductService.swift */,
			);
			path = ProductService;
			sourceTree = "<group>";
		};
		857604802A00936900595149 /* Services */ = {
			isa = PBXGroup;
			children = (
				85F3C8832A0C7BDE00E9C799 /* Product */,
			);
			path = Services;
			sourceTree = "<group>";
		};
		857604832A00975800595149 /* ProductService */ = {
			isa = PBXGroup;
			children = (
				857604842A00977200595149 /* ProductServiceTests.swift */,
			);
			path = ProductService;
			sourceTree = "<group>";
		};
		857DD6CD2A1191E5001FB8AA /* OrderProduct */ = {
			isa = PBXGroup;
			children = (
				857DD6CE2A1191FF001FB8AA /* OrderProductViewModel.swift */,
				857DD6D02A119221001FB8AA /* OrderProductViewModelProtocol.swift */,
			);
			path = OrderProduct;
			sourceTree = "<group>";
		};
		857DD6D22A11AB5A001FB8AA /* Repositories */ = {
			isa = PBXGroup;
			children = (
				857DD6D32A11AB73001FB8AA /* ProductRepository.swift */,
			);
			path = Repositories;
			sourceTree = "<group>";
		};
		85F3C8832A0C7BDE00E9C799 /* Product */ = {
			isa = PBXGroup;
			children = (
				857604812A00937F00595149 /* ProductServiceMock.swift */,
			);
			path = Product;
			sourceTree = "<group>";
		};
/* End PBXGroup section */

/* Begin PBXNativeTarget section */
		4E37FD982968960F00FA6D8D /* GoPizza */ = {
			isa = PBXNativeTarget;
			buildConfigurationList = 4E37FDC32968961300FA6D8D /* Build configuration list for PBXNativeTarget "GoPizza" */;
			buildPhases = (
				4E37FD952968960F00FA6D8D /* Sources */,
				4E37FD962968960F00FA6D8D /* Frameworks */,
				4E37FD972968960F00FA6D8D /* Resources */,
			);
			buildRules = (
			);
			dependencies = (
			);
			name = GoPizza;
			packageProductDependencies = (
				852BCA312A101E8E0011EF86 /* Kingfisher */,
			);
			productName = GoPizza;
			productReference = 4E37FD992968960F00FA6D8D /* GoPizza.app */;
			productType = "com.apple.product-type.application";
		};
		4E37FDAE2968961300FA6D8D /* GoPizzaTests */ = {
			isa = PBXNativeTarget;
			buildConfigurationList = 4E37FDC62968961300FA6D8D /* Build configuration list for PBXNativeTarget "GoPizzaTests" */;
			buildPhases = (
				4E37FDAB2968961300FA6D8D /* Sources */,
				4E37FDAC2968961300FA6D8D /* Frameworks */,
				4E37FDAD2968961300FA6D8D /* Resources */,
			);
			buildRules = (
			);
			dependencies = (
				4E37FDB12968961300FA6D8D /* PBXTargetDependency */,
			);
			name = GoPizzaTests;
			productName = GoPizzaTests;
			productReference = 4E37FDAF2968961300FA6D8D /* GoPizzaTests.xctest */;
			productType = "com.apple.product-type.bundle.unit-test";
		};
		4E37FDB82968961300FA6D8D /* GoPizzaUITests */ = {
			isa = PBXNativeTarget;
			buildConfigurationList = 4E37FDC92968961300FA6D8D /* Build configuration list for PBXNativeTarget "GoPizzaUITests" */;
			buildPhases = (
				4E37FDB52968961300FA6D8D /* Sources */,
				4E37FDB62968961300FA6D8D /* Frameworks */,
				4E37FDB72968961300FA6D8D /* Resources */,
			);
			buildRules = (
			);
			dependencies = (
				4E37FDBB2968961300FA6D8D /* PBXTargetDependency */,
			);
			name = GoPizzaUITests;
			productName = GoPizzaUITests;
			productReference = 4E37FDB92968961300FA6D8D /* GoPizzaUITests.xctest */;
			productType = "com.apple.product-type.bundle.ui-testing";
		};
/* End PBXNativeTarget section */

/* Begin PBXProject section */
		4E37FD912968960F00FA6D8D /* Project object */ = {
			isa = PBXProject;
			attributes = {
				BuildIndependentTargetsInParallel = 1;
				LastSwiftUpdateCheck = 1340;
				LastUpgradeCheck = 1340;
				TargetAttributes = {
					4E37FD982968960F00FA6D8D = {
						CreatedOnToolsVersion = 13.4.1;
					};
					4E37FDAE2968961300FA6D8D = {
						CreatedOnToolsVersion = 13.4.1;
						TestTargetID = 4E37FD982968960F00FA6D8D;
					};
					4E37FDB82968961300FA6D8D = {
						CreatedOnToolsVersion = 13.4.1;
						TestTargetID = 4E37FD982968960F00FA6D8D;
					};
				};
			};
			buildConfigurationList = 4E37FD942968960F00FA6D8D /* Build configuration list for PBXProject "GoPizza" */;
			compatibilityVersion = "Xcode 13.0";
			developmentRegion = en;
			hasScannedForEncodings = 0;
			knownRegions = (
				en,
				Base,
			);
			mainGroup = 4E37FD902968960F00FA6D8D;
			packageReferences = (
				852BCA302A101E8E0011EF86 /* XCRemoteSwiftPackageReference "Kingfisher" */,
			);
			productRefGroup = 4E37FD9A2968960F00FA6D8D /* Products */;
			projectDirPath = "";
			projectRoot = "";
			targets = (
				4E37FD982968960F00FA6D8D /* GoPizza */,
				4E37FDAE2968961300FA6D8D /* GoPizzaTests */,
				4E37FDB82968961300FA6D8D /* GoPizzaUITests */,
			);
		};
/* End PBXProject section */

/* Begin PBXResourcesBuildPhase section */
		4E37FD972968960F00FA6D8D /* Resources */ = {
			isa = PBXResourcesBuildPhase;
			buildActionMask = 2147483647;
			files = (
				4E37FDA92968961300FA6D8D /* LaunchScreen.storyboard in Resources */,
				4E37FDA62968961300FA6D8D /* Assets.xcassets in Resources */,
			);
			runOnlyForDeploymentPostprocessing = 0;
		};
		4E37FDAD2968961300FA6D8D /* Resources */ = {
			isa = PBXResourcesBuildPhase;
			buildActionMask = 2147483647;
			files = (
			);
			runOnlyForDeploymentPostprocessing = 0;
		};
		4E37FDB72968961300FA6D8D /* Resources */ = {
			isa = PBXResourcesBuildPhase;
			buildActionMask = 2147483647;
			files = (
			);
			runOnlyForDeploymentPostprocessing = 0;
		};
/* End PBXResourcesBuildPhase section */

/* Begin PBXSourcesBuildPhase section */
		4E37FD952968960F00FA6D8D /* Sources */ = {
			isa = PBXSourcesBuildPhase;
			buildActionMask = 2147483647;
			files = (
				85EB46EC29F0BB430021C861 /* ResponseError.swift in Sources */,
				4EC44728299435CF00A1669A /* OrdersPizzaView.swift in Sources */,
				4E37FDA12968960F00FA6D8D /* LoginViewController.swift in Sources */,
				4E37FD9D2968960F00FA6D8D /* AppDelegate.swift in Sources */,
				4E49A66E2996CF1E007DB695 /* HomeCoordinator.swift in Sources */,
				4E86810929AE891C00EB87A1 /* LoginServiceProtocol.swift in Sources */,
				4E49A6712996D23D007DB695 /* LoginViewDelegate.swift in Sources */,
				4E37FD9F2968960F00FA6D8D /* SceneDelegate.swift in Sources */,
				4E9E1EC0299B1CD3007C9704 /* HomeViewDelegate.swift in Sources */,
				4E21985A29952EE00027811C /* OrderProductCollectionViewCell.swift in Sources */,
				4ED9C1A9297F609700E4FCC4 /* ProducTableViewCell.swift in Sources */,
				4E86810D29AE8A0A00EB87A1 /* User.swift in Sources */,
				4E49A6642996C614007DB695 /* Coordinator.swift in Sources */,
				4E84806C29835485007F9B3C /* OrderProductViewController.swift in Sources */,
				4E86811029AE8AEE00EB87A1 /* LoginService.swift in Sources */,
				4EC447262994357A00A1669A /* OrdersProductViewController.swift in Sources */,
				853288B529D6603500E744AF /* String+extensions.swift in Sources */,
				4E9E1EC3299B2119007C9704 /* OrderPizzaCoordinator.swift in Sources */,
				4E37FDD72968A66C00FA6D8D /* LoginView.swift in Sources */,
				4ED9C1A6297F5ECC00E4FCC4 /* HomeView.swift in Sources */,
				8537351429EE1ED9009CA8A1 /* HomeViewModelProtocol.swift in Sources */,
				4E65F25E2978CF7F009AD37B /* HomeViewController.swift in Sources */,
				857DD6D42A11AB73001FB8AA /* ProductRepository.swift in Sources */,
				4E86811329AE8D2D00EB87A1 /* LoginViewModel.swift in Sources */,
				4E49A6672996C6D9007DB695 /* AppCoordinator.swift in Sources */,
				4ECA9969296CF1950071DA15 /* ViewMakers+Extensions.swift in Sources */,
				857DD6D12A119221001FB8AA /* OrderProductViewModelProtocol.swift in Sources */,
				8537351729EE1F72009CA8A1 /* HomeViewModel.swift in Sources */,
				8537351A29EE208D009CA8A1 /* ProductServiceProtocol.swift in Sources */,
				4E49A66A2996C824007DB695 /* LoginCoordinator.swift in Sources */,
				4E86811529AE8D5300EB87A1 /* LoginViewModelProtocol.swift in Sources */,
				4E84806E298354B1007F9B3C /* OrderProductView.swift in Sources */,
				8537351129EE1D5D009CA8A1 /* Product.swift in Sources */,
				8537351C29EE20F4009CA8A1 /* ProductService.swift in Sources */,
				857DD6CF2A1191FF001FB8AA /* OrderProductViewModel.swift in Sources */,
			);
			runOnlyForDeploymentPostprocessing = 0;
		};
		4E37FDAB2968961300FA6D8D /* Sources */ = {
			isa = PBXSourcesBuildPhase;
			buildActionMask = 2147483647;
			files = (
				4EE46011298202A000A4D94E /* HomeViewControllerTests.swift in Sources */,
				4E11E8222969F9800048DA5D /* LoginViewControllerTests.swift in Sources */,
				4E8E118E299C79F800595D2D /* LoginCoordinatorTests.swift in Sources */,
				4E7FE69C29B17DDA00B12FBD /* LoginServiceTests.swift in Sources */,
				4E49A6612996C021007DB695 /* OrderProductCollectionViewCellTests.swift in Sources */,
				4EB4D07B298B022B00799CC7 /* OrderProductViewControllerTests.swift in Sources */,
				857604822A00937F00595149 /* ProductServiceMock.swift in Sources */,
				4E18AFBE299C639C0027AB5A /* CoordinatorProtocolStub.swift in Sources */,
				4E2D1E5A2976366400A5821A /* AppDelegateTests.swift in Sources */,
				4EE460132982034F00A4D94E /* HomeViewTests.swift in Sources */,
				4E8E1192299C7BE200595D2D /* OrderPizzaCoordinatorTests.swift in Sources */,
				4EE460152982044F00A4D94E /* ProductTableViewCellTests.swift in Sources */,
				4E49A65D2996BD33007DB695 /* OrdersProductViewControllerTests.swift in Sources */,
				857604852A00977200595149 /* ProductServiceTests.swift in Sources */,
				4E646ED329B28C4E00F784FD /* MockLoginViewModel.swift in Sources */,
				4E49A65F2996BEC5007DB695 /* OrdersProductViewTests.swift in Sources */,
				4E8E1190299C7A8C00595D2D /* HomeCoordinatorTests.swift in Sources */,
				8576047F2A00906100595149 /* HomeViewModelTests.swift in Sources */,
				4EF61B3C29777472001CB20A /* LoginViewTests.swift in Sources */,
				4E7FE69629B176ED00B12FBD /* LoginViewModelTests.swift in Sources */,
				4E2D1E582976257800A5821A /* SceneDelegateTests.swift in Sources */,
				4EB4D07D298B034600799CC7 /* OrderProducViewTests.swift in Sources */,
			);
			runOnlyForDeploymentPostprocessing = 0;
		};
		4E37FDB52968961300FA6D8D /* Sources */ = {
			isa = PBXSourcesBuildPhase;
			buildActionMask = 2147483647;
			files = (
				4EF61B3F29777789001CB20A /* LoginViewUITests.swift in Sources */,
				4EE4601A2982053700A4D94E /* HomeViewUITests.swift in Sources */,
			);
			runOnlyForDeploymentPostprocessing = 0;
		};
/* End PBXSourcesBuildPhase section */

/* Begin PBXTargetDependency section */
		4E37FDB12968961300FA6D8D /* PBXTargetDependency */ = {
			isa = PBXTargetDependency;
			target = 4E37FD982968960F00FA6D8D /* GoPizza */;
			targetProxy = 4E37FDB02968961300FA6D8D /* PBXContainerItemProxy */;
		};
		4E37FDBB2968961300FA6D8D /* PBXTargetDependency */ = {
			isa = PBXTargetDependency;
			target = 4E37FD982968960F00FA6D8D /* GoPizza */;
			targetProxy = 4E37FDBA2968961300FA6D8D /* PBXContainerItemProxy */;
		};
/* End PBXTargetDependency section */

/* Begin PBXVariantGroup section */
		4E37FDA72968961300FA6D8D /* LaunchScreen.storyboard */ = {
			isa = PBXVariantGroup;
			children = (
				4E37FDA82968961300FA6D8D /* Base */,
			);
			name = LaunchScreen.storyboard;
			sourceTree = "<group>";
		};
/* End PBXVariantGroup section */

/* Begin XCBuildConfiguration section */
		4E37FDC12968961300FA6D8D /* Debug */ = {
			isa = XCBuildConfiguration;
			buildSettings = {
				ALWAYS_SEARCH_USER_PATHS = NO;
				CLANG_ANALYZER_NONNULL = YES;
				CLANG_ANALYZER_NUMBER_OBJECT_CONVERSION = YES_AGGRESSIVE;
				CLANG_CXX_LANGUAGE_STANDARD = "gnu++17";
				CLANG_ENABLE_MODULES = YES;
				CLANG_ENABLE_OBJC_ARC = YES;
				CLANG_ENABLE_OBJC_WEAK = YES;
				CLANG_WARN_BLOCK_CAPTURE_AUTORELEASING = YES;
				CLANG_WARN_BOOL_CONVERSION = YES;
				CLANG_WARN_COMMA = YES;
				CLANG_WARN_CONSTANT_CONVERSION = YES;
				CLANG_WARN_DEPRECATED_OBJC_IMPLEMENTATIONS = YES;
				CLANG_WARN_DIRECT_OBJC_ISA_USAGE = YES_ERROR;
				CLANG_WARN_DOCUMENTATION_COMMENTS = YES;
				CLANG_WARN_EMPTY_BODY = YES;
				CLANG_WARN_ENUM_CONVERSION = YES;
				CLANG_WARN_INFINITE_RECURSION = YES;
				CLANG_WARN_INT_CONVERSION = YES;
				CLANG_WARN_NON_LITERAL_NULL_CONVERSION = YES;
				CLANG_WARN_OBJC_IMPLICIT_RETAIN_SELF = YES;
				CLANG_WARN_OBJC_LITERAL_CONVERSION = YES;
				CLANG_WARN_OBJC_ROOT_CLASS = YES_ERROR;
				CLANG_WARN_QUOTED_INCLUDE_IN_FRAMEWORK_HEADER = YES;
				CLANG_WARN_RANGE_LOOP_ANALYSIS = YES;
				CLANG_WARN_STRICT_PROTOTYPES = YES;
				CLANG_WARN_SUSPICIOUS_MOVE = YES;
				CLANG_WARN_UNGUARDED_AVAILABILITY = YES_AGGRESSIVE;
				CLANG_WARN_UNREACHABLE_CODE = YES;
				CLANG_WARN__DUPLICATE_METHOD_MATCH = YES;
				COPY_PHASE_STRIP = NO;
				DEBUG_INFORMATION_FORMAT = dwarf;
				ENABLE_STRICT_OBJC_MSGSEND = YES;
				ENABLE_TESTABILITY = YES;
				GCC_C_LANGUAGE_STANDARD = gnu11;
				GCC_DYNAMIC_NO_PIC = NO;
				GCC_NO_COMMON_BLOCKS = YES;
				GCC_OPTIMIZATION_LEVEL = 0;
				GCC_PREPROCESSOR_DEFINITIONS = (
					"DEBUG=1",
					"$(inherited)",
				);
				GCC_WARN_64_TO_32_BIT_CONVERSION = YES;
				GCC_WARN_ABOUT_RETURN_TYPE = YES_ERROR;
				GCC_WARN_UNDECLARED_SELECTOR = YES;
				GCC_WARN_UNINITIALIZED_AUTOS = YES_AGGRESSIVE;
				GCC_WARN_UNUSED_FUNCTION = YES;
				GCC_WARN_UNUSED_VARIABLE = YES;
				IPHONEOS_DEPLOYMENT_TARGET = 15.5;
				MTL_ENABLE_DEBUG_INFO = INCLUDE_SOURCE;
				MTL_FAST_MATH = YES;
				ONLY_ACTIVE_ARCH = YES;
				SDKROOT = iphoneos;
				SWIFT_ACTIVE_COMPILATION_CONDITIONS = DEBUG;
				SWIFT_OPTIMIZATION_LEVEL = "-Onone";
			};
			name = Debug;
		};
		4E37FDC22968961300FA6D8D /* Release */ = {
			isa = XCBuildConfiguration;
			buildSettings = {
				ALWAYS_SEARCH_USER_PATHS = NO;
				CLANG_ANALYZER_NONNULL = YES;
				CLANG_ANALYZER_NUMBER_OBJECT_CONVERSION = YES_AGGRESSIVE;
				CLANG_CXX_LANGUAGE_STANDARD = "gnu++17";
				CLANG_ENABLE_MODULES = YES;
				CLANG_ENABLE_OBJC_ARC = YES;
				CLANG_ENABLE_OBJC_WEAK = YES;
				CLANG_WARN_BLOCK_CAPTURE_AUTORELEASING = YES;
				CLANG_WARN_BOOL_CONVERSION = YES;
				CLANG_WARN_COMMA = YES;
				CLANG_WARN_CONSTANT_CONVERSION = YES;
				CLANG_WARN_DEPRECATED_OBJC_IMPLEMENTATIONS = YES;
				CLANG_WARN_DIRECT_OBJC_ISA_USAGE = YES_ERROR;
				CLANG_WARN_DOCUMENTATION_COMMENTS = YES;
				CLANG_WARN_EMPTY_BODY = YES;
				CLANG_WARN_ENUM_CONVERSION = YES;
				CLANG_WARN_INFINITE_RECURSION = YES;
				CLANG_WARN_INT_CONVERSION = YES;
				CLANG_WARN_NON_LITERAL_NULL_CONVERSION = YES;
				CLANG_WARN_OBJC_IMPLICIT_RETAIN_SELF = YES;
				CLANG_WARN_OBJC_LITERAL_CONVERSION = YES;
				CLANG_WARN_OBJC_ROOT_CLASS = YES_ERROR;
				CLANG_WARN_QUOTED_INCLUDE_IN_FRAMEWORK_HEADER = YES;
				CLANG_WARN_RANGE_LOOP_ANALYSIS = YES;
				CLANG_WARN_STRICT_PROTOTYPES = YES;
				CLANG_WARN_SUSPICIOUS_MOVE = YES;
				CLANG_WARN_UNGUARDED_AVAILABILITY = YES_AGGRESSIVE;
				CLANG_WARN_UNREACHABLE_CODE = YES;
				CLANG_WARN__DUPLICATE_METHOD_MATCH = YES;
				COPY_PHASE_STRIP = NO;
				DEBUG_INFORMATION_FORMAT = "dwarf-with-dsym";
				ENABLE_NS_ASSERTIONS = NO;
				ENABLE_STRICT_OBJC_MSGSEND = YES;
				GCC_C_LANGUAGE_STANDARD = gnu11;
				GCC_NO_COMMON_BLOCKS = YES;
				GCC_WARN_64_TO_32_BIT_CONVERSION = YES;
				GCC_WARN_ABOUT_RETURN_TYPE = YES_ERROR;
				GCC_WARN_UNDECLARED_SELECTOR = YES;
				GCC_WARN_UNINITIALIZED_AUTOS = YES_AGGRESSIVE;
				GCC_WARN_UNUSED_FUNCTION = YES;
				GCC_WARN_UNUSED_VARIABLE = YES;
				IPHONEOS_DEPLOYMENT_TARGET = 15.5;
				MTL_ENABLE_DEBUG_INFO = NO;
				MTL_FAST_MATH = YES;
				SDKROOT = iphoneos;
				SWIFT_COMPILATION_MODE = wholemodule;
				SWIFT_OPTIMIZATION_LEVEL = "-O";
				VALIDATE_PRODUCT = YES;
			};
			name = Release;
		};
		4E37FDC42968961300FA6D8D /* Debug */ = {
			isa = XCBuildConfiguration;
			buildSettings = {
				ASSETCATALOG_COMPILER_APPICON_NAME = AppIcon;
				ASSETCATALOG_COMPILER_GLOBAL_ACCENT_COLOR_NAME = AccentColor;
				CODE_SIGN_STYLE = Automatic;
				CURRENT_PROJECT_VERSION = 1;
				DEVELOPMENT_TEAM = QY59Z7GK88;
				GENERATE_INFOPLIST_FILE = YES;
				INFOPLIST_FILE = GoPizza/Info.plist;
				INFOPLIST_KEY_UIApplicationSupportsIndirectInputEvents = YES;
				INFOPLIST_KEY_UILaunchStoryboardName = LaunchScreen;
				INFOPLIST_KEY_UISupportedInterfaceOrientations = UIInterfaceOrientationPortrait;
				INFOPLIST_KEY_UISupportedInterfaceOrientations_iPad = "UIInterfaceOrientationPortrait UIInterfaceOrientationPortraitUpsideDown UIInterfaceOrientationLandscapeLeft UIInterfaceOrientationLandscapeRight";
				INFOPLIST_KEY_UISupportedInterfaceOrientations_iPhone = "UIInterfaceOrientationPortrait UIInterfaceOrientationLandscapeLeft UIInterfaceOrientationLandscapeRight";
				IPHONEOS_DEPLOYMENT_TARGET = 13.0;
				LD_RUNPATH_SEARCH_PATHS = (
					"$(inherited)",
					"@executable_path/Frameworks",
				);
				MARKETING_VERSION = 1.0;
				PRODUCT_BUNDLE_IDENTIFIER = br.com.rafael.GoPizza;
				PRODUCT_NAME = "$(TARGET_NAME)";
				SWIFT_EMIT_LOC_STRINGS = YES;
				SWIFT_VERSION = 5.0;
				TARGETED_DEVICE_FAMILY = 1;
			};
			name = Debug;
		};
		4E37FDC52968961300FA6D8D /* Release */ = {
			isa = XCBuildConfiguration;
			buildSettings = {
				ASSETCATALOG_COMPILER_APPICON_NAME = AppIcon;
				ASSETCATALOG_COMPILER_GLOBAL_ACCENT_COLOR_NAME = AccentColor;
				CODE_SIGN_STYLE = Automatic;
				CURRENT_PROJECT_VERSION = 1;
				DEVELOPMENT_TEAM = QY59Z7GK88;
				GENERATE_INFOPLIST_FILE = YES;
				INFOPLIST_FILE = GoPizza/Info.plist;
				INFOPLIST_KEY_UIApplicationSupportsIndirectInputEvents = YES;
				INFOPLIST_KEY_UILaunchStoryboardName = LaunchScreen;
				INFOPLIST_KEY_UISupportedInterfaceOrientations = UIInterfaceOrientationPortrait;
				INFOPLIST_KEY_UISupportedInterfaceOrientations_iPad = "UIInterfaceOrientationPortrait UIInterfaceOrientationPortraitUpsideDown UIInterfaceOrientationLandscapeLeft UIInterfaceOrientationLandscapeRight";
				INFOPLIST_KEY_UISupportedInterfaceOrientations_iPhone = "UIInterfaceOrientationPortrait UIInterfaceOrientationLandscapeLeft UIInterfaceOrientationLandscapeRight";
				IPHONEOS_DEPLOYMENT_TARGET = 13.0;
				LD_RUNPATH_SEARCH_PATHS = (
					"$(inherited)",
					"@executable_path/Frameworks",
				);
				MARKETING_VERSION = 1.0;
				PRODUCT_BUNDLE_IDENTIFIER = br.com.rafael.GoPizza;
				PRODUCT_NAME = "$(TARGET_NAME)";
				SWIFT_EMIT_LOC_STRINGS = YES;
				SWIFT_VERSION = 5.0;
				TARGETED_DEVICE_FAMILY = 1;
			};
			name = Release;
		};
		4E37FDC72968961300FA6D8D /* Debug */ = {
			isa = XCBuildConfiguration;
			buildSettings = {
				ALWAYS_EMBED_SWIFT_STANDARD_LIBRARIES = YES;
				BUNDLE_LOADER = "$(TEST_HOST)";
				CODE_SIGN_STYLE = Automatic;
				CURRENT_PROJECT_VERSION = 1;
				DEVELOPMENT_TEAM = QY59Z7GK88;
				GENERATE_INFOPLIST_FILE = YES;
				IPHONEOS_DEPLOYMENT_TARGET = 13.0;
				MARKETING_VERSION = 1.0;
				PRODUCT_BUNDLE_IDENTIFIER = br.com.rafael.GoPizzaTests;
				PRODUCT_NAME = "$(TARGET_NAME)";
				SWIFT_EMIT_LOC_STRINGS = NO;
				SWIFT_VERSION = 5.0;
				TARGETED_DEVICE_FAMILY = "1,2";
				TEST_HOST = "$(BUILT_PRODUCTS_DIR)/GoPizza.app/GoPizza";
			};
			name = Debug;
		};
		4E37FDC82968961300FA6D8D /* Release */ = {
			isa = XCBuildConfiguration;
			buildSettings = {
				ALWAYS_EMBED_SWIFT_STANDARD_LIBRARIES = YES;
				BUNDLE_LOADER = "$(TEST_HOST)";
				CODE_SIGN_STYLE = Automatic;
				CURRENT_PROJECT_VERSION = 1;
				DEVELOPMENT_TEAM = QY59Z7GK88;
				GENERATE_INFOPLIST_FILE = YES;
				IPHONEOS_DEPLOYMENT_TARGET = 13.0;
				MARKETING_VERSION = 1.0;
				PRODUCT_BUNDLE_IDENTIFIER = br.com.rafael.GoPizzaTests;
				PRODUCT_NAME = "$(TARGET_NAME)";
				SWIFT_EMIT_LOC_STRINGS = NO;
				SWIFT_VERSION = 5.0;
				TARGETED_DEVICE_FAMILY = "1,2";
				TEST_HOST = "$(BUILT_PRODUCTS_DIR)/GoPizza.app/GoPizza";
			};
			name = Release;
		};
		4E37FDCA2968961300FA6D8D /* Debug */ = {
			isa = XCBuildConfiguration;
			buildSettings = {
				ALWAYS_EMBED_SWIFT_STANDARD_LIBRARIES = YES;
				CODE_SIGN_STYLE = Automatic;
				CURRENT_PROJECT_VERSION = 1;
				DEVELOPMENT_TEAM = QY59Z7GK88;
				GENERATE_INFOPLIST_FILE = YES;
				MARKETING_VERSION = 1.0;
				PRODUCT_BUNDLE_IDENTIFIER = br.com.rafael.GoPizzaUITests;
				PRODUCT_NAME = "$(TARGET_NAME)";
				SWIFT_EMIT_LOC_STRINGS = NO;
				SWIFT_VERSION = 5.0;
				TARGETED_DEVICE_FAMILY = "1,2";
				TEST_TARGET_NAME = GoPizza;
			};
			name = Debug;
		};
		4E37FDCB2968961300FA6D8D /* Release */ = {
			isa = XCBuildConfiguration;
			buildSettings = {
				ALWAYS_EMBED_SWIFT_STANDARD_LIBRARIES = YES;
				CODE_SIGN_STYLE = Automatic;
				CURRENT_PROJECT_VERSION = 1;
				DEVELOPMENT_TEAM = QY59Z7GK88;
				GENERATE_INFOPLIST_FILE = YES;
				MARKETING_VERSION = 1.0;
				PRODUCT_BUNDLE_IDENTIFIER = br.com.rafael.GoPizzaUITests;
				PRODUCT_NAME = "$(TARGET_NAME)";
				SWIFT_EMIT_LOC_STRINGS = NO;
				SWIFT_VERSION = 5.0;
				TARGETED_DEVICE_FAMILY = "1,2";
				TEST_TARGET_NAME = GoPizza;
			};
			name = Release;
		};
/* End XCBuildConfiguration section */

/* Begin XCConfigurationList section */
		4E37FD942968960F00FA6D8D /* Build configuration list for PBXProject "GoPizza" */ = {
			isa = XCConfigurationList;
			buildConfigurations = (
				4E37FDC12968961300FA6D8D /* Debug */,
				4E37FDC22968961300FA6D8D /* Release */,
			);
			defaultConfigurationIsVisible = 0;
			defaultConfigurationName = Release;
		};
		4E37FDC32968961300FA6D8D /* Build configuration list for PBXNativeTarget "GoPizza" */ = {
			isa = XCConfigurationList;
			buildConfigurations = (
				4E37FDC42968961300FA6D8D /* Debug */,
				4E37FDC52968961300FA6D8D /* Release */,
			);
			defaultConfigurationIsVisible = 0;
			defaultConfigurationName = Release;
		};
		4E37FDC62968961300FA6D8D /* Build configuration list for PBXNativeTarget "GoPizzaTests" */ = {
			isa = XCConfigurationList;
			buildConfigurations = (
				4E37FDC72968961300FA6D8D /* Debug */,
				4E37FDC82968961300FA6D8D /* Release */,
			);
			defaultConfigurationIsVisible = 0;
			defaultConfigurationName = Release;
		};
		4E37FDC92968961300FA6D8D /* Build configuration list for PBXNativeTarget "GoPizzaUITests" */ = {
			isa = XCConfigurationList;
			buildConfigurations = (
				4E37FDCA2968961300FA6D8D /* Debug */,
				4E37FDCB2968961300FA6D8D /* Release */,
			);
			defaultConfigurationIsVisible = 0;
			defaultConfigurationName = Release;
		};
/* End XCConfigurationList section */

/* Begin XCRemoteSwiftPackageReference section */
		852BCA302A101E8E0011EF86 /* XCRemoteSwiftPackageReference "Kingfisher" */ = {
			isa = XCRemoteSwiftPackageReference;
			repositoryURL = "https://github.com/onevcat/Kingfisher.git";
			requirement = {
				kind = upToNextMajorVersion;
				minimumVersion = 7.0.0;
			};
		};
/* End XCRemoteSwiftPackageReference section */

/* Begin XCSwiftPackageProductDependency section */
		852BCA312A101E8E0011EF86 /* Kingfisher */ = {
			isa = XCSwiftPackageProductDependency;
			package = 852BCA302A101E8E0011EF86 /* XCRemoteSwiftPackageReference "Kingfisher" */;
			productName = Kingfisher;
		};
/* End XCSwiftPackageProductDependency section */
	};
	rootObject = 4E37FD912968960F00FA6D8D /* Project object */;
}
